
Microsoft Visual Studio Solution File, Format Version 12.00
# Visual Studio Version 17
VisualStudioVersion = 17.0.31903.59
MinimumVisualStudioVersion = 10.0.40219.1
Project("{FAE04EC0-301F-11D3-BF4B-00C04F79EFBC}") = "API", "API\API.csproj", "{C45B6835-97A0-4A59-BE54-2722EC45DDE0}"
EndProject
Project("{FAE04EC0-301F-11D3-BF4B-00C04F79EFBC}") = "Core", "Core\Core.csproj", "{997F691D-1029-4175-A574-90E749154501}"
EndProject
Project("{FAE04EC0-301F-11D3-BF4B-00C04F79EFBC}") = "Infrastructure", "Infrastructure\Infrastructure.csproj", "{9B180D8E-1025-4993-BA88-532187658468}"
EndProject
Global
	GlobalSection(SolutionConfigurationPlatforms) = preSolution
		Debug|Any CPU = Debug|Any CPU
		Release|Any CPU = Release|Any CPU
	EndGlobalSection
	GlobalSection(SolutionProperties) = preSolution
		HideSolutionNode = FALSE
	EndGlobalSection
	GlobalSection(ProjectConfigurationPlatforms) = postSolution
		{C45B6835-97A0-4A59-BE54-2722EC45DDE0}.Debug|Any CPU.ActiveCfg = Debug|Any CPU
		{C45B6835-97A0-4A59-BE54-2722EC45DDE0}.Debug|Any CPU.Build.0 = Debug|Any CPU
		{C45B6835-97A0-4A59-BE54-2722EC45DDE0}.Release|Any CPU.ActiveCfg = Release|Any CPU
		{C45B6835-97A0-4A59-BE54-2722EC45DDE0}.Release|Any CPU.Build.0 = Release|Any CPU
		{997F691D-1029-4175-A574-90E749154501}.Debug|Any CPU.ActiveCfg = Debug|Any CPU
		{997F691D-1029-4175-A574-90E749154501}.Debug|Any CPU.Build.0 = Debug|Any CPU
		{997F691D-1029-4175-A574-90E749154501}.Release|Any CPU.ActiveCfg = Release|Any CPU
		{997F691D-1029-4175-A574-90E749154501}.Release|Any CPU.Build.0 = Release|Any CPU
		{9B180D8E-1025-4993-BA88-532187658468}.Debug|Any CPU.ActiveCfg = Debug|Any CPU
		{9B180D8E-1025-4993-BA88-532187658468}.Debug|Any CPU.Build.0 = Debug|Any CPU
		{9B180D8E-1025-4993-BA88-532187658468}.Release|Any CPU.ActiveCfg = Release|Any CPU
		{9B180D8E-1025-4993-BA88-532187658468}.Release|Any CPU.Build.0 = Release|Any CPU
	EndGlobalSection
EndGlobal
